// !$*UTF8*$!
{
	archiveVersion = 1;
	classes = {
	};
	objectVersion = 48;
	objects = {

/* Begin PBXBuildFile section */
		B6033BC21F85566C00CB765D /* DaoCreatable.swift in Sources */ = {isa = PBXBuildFile; fileRef = B6033BC11F85566C00CB765D /* DaoCreatable.swift */; };
		B6033BC41F85569100CB765D /* CourierLocationDao.swift in Sources */ = {isa = PBXBuildFile; fileRef = B6033BC31F85569100CB765D /* CourierLocationDao.swift */; };
		B6033BC61F8556A000CB765D /* CourierDao.swift in Sources */ = {isa = PBXBuildFile; fileRef = B6033BC51F8556A000CB765D /* CourierDao.swift */; };
		B6033BC91F85573500CB765D /* UtilityCreatable.swift in Sources */ = {isa = PBXBuildFile; fileRef = B6033BC81F85573500CB765D /* UtilityCreatable.swift */; };
		B61C84F91F82D86100EB6253 /* AppDelegate.swift in Sources */ = {isa = PBXBuildFile; fileRef = B61C84F81F82D86100EB6253 /* AppDelegate.swift */; };
		B61C84FB1F82D86100EB6253 /* ViewController.swift in Sources */ = {isa = PBXBuildFile; fileRef = B61C84FA1F82D86100EB6253 /* ViewController.swift */; };
		B61C84FE1F82D86100EB6253 /* Main.storyboard in Resources */ = {isa = PBXBuildFile; fileRef = B61C84FC1F82D86100EB6253 /* Main.storyboard */; };
		B61C85001F82D86100EB6253 /* Assets.xcassets in Resources */ = {isa = PBXBuildFile; fileRef = B61C84FF1F82D86100EB6253 /* Assets.xcassets */; };
		B61C85031F82D86100EB6253 /* LaunchScreen.storyboard in Resources */ = {isa = PBXBuildFile; fileRef = B61C85011F82D86100EB6253 /* LaunchScreen.storyboard */; };
		B61C850E1F82D86100EB6253 /* ServiceCreatableExampleTests.swift in Sources */ = {isa = PBXBuildFile; fileRef = B61C850D1F82D86100EB6253 /* ServiceCreatableExampleTests.swift */; };
		B61C85191F82D86100EB6253 /* ServiceCreatableExampleUITests.swift in Sources */ = {isa = PBXBuildFile; fileRef = B61C85181F82D86100EB6253 /* ServiceCreatableExampleUITests.swift */; };
		B61C85271F82D87500EB6253 /* AppService.swift in Sources */ = {isa = PBXBuildFile; fileRef = B61C85261F82D87500EB6253 /* AppService.swift */; };
		B61C85291F82D88000EB6253 /* GpsService.swift in Sources */ = {isa = PBXBuildFile; fileRef = B61C85281F82D88000EB6253 /* GpsService.swift */; };
		B61C852B1F82D88E00EB6253 /* CourierLocationService.swift in Sources */ = {isa = PBXBuildFile; fileRef = B61C852A1F82D88E00EB6253 /* CourierLocationService.swift */; };
		B61C852F1F82D9D100EB6253 /* ComponentCreator.swift in Sources */ = {isa = PBXBuildFile; fileRef = B61C852E1F82D9D100EB6253 /* ComponentCreator.swift */; };
		B61C85311F82DA3300EB6253 /* MockComponentCreator.swift in Sources */ = {isa = PBXBuildFile; fileRef = B61C85301F82DA3300EB6253 /* MockComponentCreator.swift */; };
		B61C85331F82DC3500EB6253 /* MockCourierService.swift in Sources */ = {isa = PBXBuildFile; fileRef = B61C85321F82DC3500EB6253 /* MockCourierService.swift */; };
		B61C85351F82DDDB00EB6253 /* MockAppService.swift in Sources */ = {isa = PBXBuildFile; fileRef = B61C85341F82DDDB00EB6253 /* MockAppService.swift */; };
		B61C853B1F82E74000EB6253 /* NetworkStatusService.swift in Sources */ = {isa = PBXBuildFile; fileRef = B61C853A1F82E74000EB6253 /* NetworkStatusService.swift */; };
		B61C853D1F82E7AD00EB6253 /* ServiceCreatable.swift in Sources */ = {isa = PBXBuildFile; fileRef = B61C853C1F82E7AD00EB6253 /* ServiceCreatable.swift */; };
		B61C853F1F82EA1000EB6253 /* ComponentCreatable.swift in Sources */ = {isa = PBXBuildFile; fileRef = B61C853E1F82EA1000EB6253 /* ComponentCreatable.swift */; };
		B6701D5B1F855B0F00F218FB /* Service.swift in Sources */ = {isa = PBXBuildFile; fileRef = B6701D5A1F855B0F00F218FB /* Service.swift */; };
/* End PBXBuildFile section */

/* Begin PBXContainerItemProxy section */
		B61C850A1F82D86100EB6253 /* PBXContainerItemProxy */ = {
			isa = PBXContainerItemProxy;
			containerPortal = B61C84ED1F82D86100EB6253 /* Project object */;
			proxyType = 1;
			remoteGlobalIDString = B61C84F41F82D86100EB6253;
			remoteInfo = ServiceCreatableExample;
		};
		B61C85151F82D86100EB6253 /* PBXContainerItemProxy */ = {
			isa = PBXContainerItemProxy;
			containerPortal = B61C84ED1F82D86100EB6253 /* Project object */;
			proxyType = 1;
			remoteGlobalIDString = B61C84F41F82D86100EB6253;
			remoteInfo = ServiceCreatableExample;
		};
/* End PBXContainerItemProxy section */

/* Begin PBXFileReference section */
		B6033BC11F85566C00CB765D /* DaoCreatable.swift */ = {isa = PBXFileReference; lastKnownFileType = sourcecode.swift; path = DaoCreatable.swift; sourceTree = "<group>"; };
		B6033BC31F85569100CB765D /* CourierLocationDao.swift */ = {isa = PBXFileReference; lastKnownFileType = sourcecode.swift; path = CourierLocationDao.swift; sourceTree = "<group>"; };
		B6033BC51F8556A000CB765D /* CourierDao.swift */ = {isa = PBXFileReference; lastKnownFileType = sourcecode.swift; path = CourierDao.swift; sourceTree = "<group>"; };
		B6033BC81F85573500CB765D /* UtilityCreatable.swift */ = {isa = PBXFileReference; lastKnownFileType = sourcecode.swift; path = UtilityCreatable.swift; sourceTree = "<group>"; };
		B61C84F51F82D86100EB6253 /* ServiceCreatableExample.app */ = {isa = PBXFileReference; explicitFileType = wrapper.application; includeInIndex = 0; path = ServiceCreatableExample.app; sourceTree = BUILT_PRODUCTS_DIR; };
		B61C84F81F82D86100EB6253 /* AppDelegate.swift */ = {isa = PBXFileReference; lastKnownFileType = sourcecode.swift; path = AppDelegate.swift; sourceTree = "<group>"; };
		B61C84FA1F82D86100EB6253 /* ViewController.swift */ = {isa = PBXFileReference; lastKnownFileType = sourcecode.swift; path = ViewController.swift; sourceTree = "<group>"; };
		B61C84FD1F82D86100EB6253 /* Base */ = {isa = PBXFileReference; lastKnownFileType = file.storyboard; name = Base; path = Base.lproj/Main.storyboard; sourceTree = "<group>"; };
		B61C84FF1F82D86100EB6253 /* Assets.xcassets */ = {isa = PBXFileReference; lastKnownFileType = folder.assetcatalog; path = Assets.xcassets; sourceTree = "<group>"; };
		B61C85021F82D86100EB6253 /* Base */ = {isa = PBXFileReference; lastKnownFileType = file.storyboard; name = Base; path = Base.lproj/LaunchScreen.storyboard; sourceTree = "<group>"; };
		B61C85041F82D86100EB6253 /* Info.plist */ = {isa = PBXFileReference; lastKnownFileType = text.plist.xml; path = Info.plist; sourceTree = "<group>"; };
		B61C85091F82D86100EB6253 /* ServiceCreatableExampleTests.xctest */ = {isa = PBXFileReference; explicitFileType = wrapper.cfbundle; includeInIndex = 0; path = ServiceCreatableExampleTests.xctest; sourceTree = BUILT_PRODUCTS_DIR; };
		B61C850D1F82D86100EB6253 /* ServiceCreatableExampleTests.swift */ = {isa = PBXFileReference; lastKnownFileType = sourcecode.swift; path = ServiceCreatableExampleTests.swift; sourceTree = "<group>"; };
		B61C850F1F82D86100EB6253 /* Info.plist */ = {isa = PBXFileReference; lastKnownFileType = text.plist.xml; path = Info.plist; sourceTree = "<group>"; };
		B61C85141F82D86100EB6253 /* ServiceCreatableExampleUITests.xctest */ = {isa = PBXFileReference; explicitFileType = wrapper.cfbundle; includeInIndex = 0; path = ServiceCreatableExampleUITests.xctest; sourceTree = BUILT_PRODUCTS_DIR; };
		B61C85181F82D86100EB6253 /* ServiceCreatableExampleUITests.swift */ = {isa = PBXFileReference; lastKnownFileType = sourcecode.swift; path = ServiceCreatableExampleUITests.swift; sourceTree = "<group>"; };
		B61C851A1F82D86100EB6253 /* Info.plist */ = {isa = PBXFileReference; lastKnownFileType = text.plist.xml; path = Info.plist; sourceTree = "<group>"; };
		B61C85261F82D87500EB6253 /* AppService.swift */ = {isa = PBXFileReference; lastKnownFileType = sourcecode.swift; path = AppService.swift; sourceTree = "<group>"; };
		B61C85281F82D88000EB6253 /* GpsService.swift */ = {isa = PBXFileReference; lastKnownFileType = sourcecode.swift; path = GpsService.swift; sourceTree = "<group>"; };
		B61C852A1F82D88E00EB6253 /* CourierLocationService.swift */ = {isa = PBXFileReference; lastKnownFileType = sourcecode.swift; path = CourierLocationService.swift; sourceTree = "<group>"; };
		B61C852E1F82D9D100EB6253 /* ComponentCreator.swift */ = {isa = PBXFileReference; lastKnownFileType = sourcecode.swift; path = ComponentCreator.swift; sourceTree = "<group>"; };
		B61C85301F82DA3300EB6253 /* MockComponentCreator.swift */ = {isa = PBXFileReference; lastKnownFileType = sourcecode.swift; path = MockComponentCreator.swift; sourceTree = "<group>"; };
		B61C85321F82DC3500EB6253 /* MockCourierService.swift */ = {isa = PBXFileReference; lastKnownFileType = sourcecode.swift; path = MockCourierService.swift; sourceTree = "<group>"; };
		B61C85341F82DDDB00EB6253 /* MockAppService.swift */ = {isa = PBXFileReference; lastKnownFileType = sourcecode.swift; path = MockAppService.swift; sourceTree = "<group>"; };
		B61C853A1F82E74000EB6253 /* NetworkStatusService.swift */ = {isa = PBXFileReference; lastKnownFileType = sourcecode.swift; path = NetworkStatusService.swift; sourceTree = "<group>"; };
		B61C853C1F82E7AD00EB6253 /* ServiceCreatable.swift */ = {isa = PBXFileReference; lastKnownFileType = sourcecode.swift; path = ServiceCreatable.swift; sourceTree = "<group>"; };
		B61C853E1F82EA1000EB6253 /* ComponentCreatable.swift */ = {isa = PBXFileReference; lastKnownFileType = sourcecode.swift; path = ComponentCreatable.swift; sourceTree = "<group>"; };
		B6701D5A1F855B0F00F218FB /* Service.swift */ = {isa = PBXFileReference; lastKnownFileType = sourcecode.swift; path = Service.swift; sourceTree = "<group>"; };
/* End PBXFileReference section */

/* Begin PBXFrameworksBuildPhase section */
		B61C84F21F82D86100EB6253 /* Frameworks */ = {
			isa = PBXFrameworksBuildPhase;
			buildActionMask = 2147483647;
			files = (
			);
			runOnlyForDeploymentPostprocessing = 0;
		};
		B61C85061F82D86100EB6253 /* Frameworks */ = {
			isa = PBXFrameworksBuildPhase;
			buildActionMask = 2147483647;
			files = (
			);
			runOnlyForDeploymentPostprocessing = 0;
		};
		B61C85111F82D86100EB6253 /* Frameworks */ = {
			isa = PBXFrameworksBuildPhase;
			buildActionMask = 2147483647;
			files = (
			);
			runOnlyForDeploymentPostprocessing = 0;
		};
/* End PBXFrameworksBuildPhase section */

/* Begin PBXGroup section */
		B6033BC01F85560900CB765D /* DaoComponents */ = {
			isa = PBXGroup;
			children = (
				B6033BCC1F85580800CB765D /* protocol */,
				B6033BCD1F85581100CB765D /* dao */,
			);
			path = DaoComponents;
			sourceTree = "<group>";
		};
		B6033BC71F85571700CB765D /* UtilityComponents */ = {
			isa = PBXGroup;
			children = (
				B6033BCE1F85583800CB765D /* protocol */,
			);
			path = UtilityComponents;
			sourceTree = "<group>";
		};
		B6033BCA1F8557F400CB765D /* protocol */ = {
			isa = PBXGroup;
			children = (
				B61C853C1F82E7AD00EB6253 /* ServiceCreatable.swift */,
			);
			path = protocol;
			sourceTree = "<group>";
		};
		B6033BCB1F8557FC00CB765D /* service */ = {
			isa = PBXGroup;
			children = (
				B61C85261F82D87500EB6253 /* AppService.swift */,
				B61C852A1F82D88E00EB6253 /* CourierLocationService.swift */,
				B61C85281F82D88000EB6253 /* GpsService.swift */,
				B61C853A1F82E74000EB6253 /* NetworkStatusService.swift */,
			);
			path = service;
			sourceTree = "<group>";
		};
		B6033BCC1F85580800CB765D /* protocol */ = {
			isa = PBXGroup;
			children = (
				B6033BC11F85566C00CB765D /* DaoCreatable.swift */,
			);
			path = protocol;
			sourceTree = "<group>";
		};
		B6033BCD1F85581100CB765D /* dao */ = {
			isa = PBXGroup;
			children = (
				B6033BC31F85569100CB765D /* CourierLocationDao.swift */,
				B6033BC51F8556A000CB765D /* CourierDao.swift */,
			);
			path = dao;
			sourceTree = "<group>";
		};
		B6033BCE1F85583800CB765D /* protocol */ = {
			isa = PBXGroup;
			children = (
				B6033BC81F85573500CB765D /* UtilityCreatable.swift */,
			);
			path = protocol;
			sourceTree = "<group>";
		};
		B6033BCF1F85584300CB765D /* component */ = {
			isa = PBXGroup;
			children = (
				B61C852E1F82D9D100EB6253 /* ComponentCreator.swift */,
				B61C853E1F82EA1000EB6253 /* ComponentCreatable.swift */,
			);
			path = component;
			sourceTree = "<group>";
		};
		B61C84EC1F82D86100EB6253 = {
			isa = PBXGroup;
			children = (
				B61C84F71F82D86100EB6253 /* ServiceCreatableExample */,
				B61C850C1F82D86100EB6253 /* ServiceCreatableExampleTests */,
				B61C85171F82D86100EB6253 /* ServiceCreatableExampleUITests */,
				B61C84F61F82D86100EB6253 /* Products */,
			);
			sourceTree = "<group>";
		};
		B61C84F61F82D86100EB6253 /* Products */ = {
			isa = PBXGroup;
			children = (
				B61C84F51F82D86100EB6253 /* ServiceCreatableExample.app */,
				B61C85091F82D86100EB6253 /* ServiceCreatableExampleTests.xctest */,
				B61C85141F82D86100EB6253 /* ServiceCreatableExampleUITests.xctest */,
			);
			name = Products;
			sourceTree = "<group>";
		};
		B61C84F71F82D86100EB6253 /* ServiceCreatableExample */ = {
			isa = PBXGroup;
			children = (
				B61C84F81F82D86100EB6253 /* AppDelegate.swift */,
				B61C84FA1F82D86100EB6253 /* ViewController.swift */,
				B6033BCF1F85584300CB765D /* component */,
				B6033BC71F85571700CB765D /* UtilityComponents */,
				B6033BC01F85560900CB765D /* DaoComponents */,
				B61C85391F82E72100EB6253 /* ServiceComponents */,
				B61C84FC1F82D86100EB6253 /* Main.storyboard */,
				B61C84FF1F82D86100EB6253 /* Assets.xcassets */,
				B61C85011F82D86100EB6253 /* LaunchScreen.storyboard */,
				B61C85041F82D86100EB6253 /* Info.plist */,
			);
			path = ServiceCreatableExample;
			sourceTree = "<group>";
		};
		B61C850C1F82D86100EB6253 /* ServiceCreatableExampleTests */ = {
			isa = PBXGroup;
			children = (
				B6701D5C1F855BD500F218FB /* mocks */,
				B61C850D1F82D86100EB6253 /* ServiceCreatableExampleTests.swift */,
				B61C850F1F82D86100EB6253 /* Info.plist */,
			);
			path = ServiceCreatableExampleTests;
			sourceTree = "<group>";
		};
		B61C85171F82D86100EB6253 /* ServiceCreatableExampleUITests */ = {
			isa = PBXGroup;
			children = (
				B61C85181F82D86100EB6253 /* ServiceCreatableExampleUITests.swift */,
				B61C851A1F82D86100EB6253 /* Info.plist */,
			);
			path = ServiceCreatableExampleUITests;
			sourceTree = "<group>";
		};
		B61C85391F82E72100EB6253 /* ServiceComponents */ = {
			isa = PBXGroup;
			children = (
				B6701D5A1F855B0F00F218FB /* Service.swift */,
				B6033BCA1F8557F400CB765D /* protocol */,
				B6033BCB1F8557FC00CB765D /* service */,
			);
			path = ServiceComponents;
			sourceTree = "<group>";
		};
		B6701D5C1F855BD500F218FB /* mocks */ = {
			isa = PBXGroup;
			children = (
				B61C85301F82DA3300EB6253 /* MockComponentCreator.swift */,
				B61C85321F82DC3500EB6253 /* MockCourierService.swift */,
				B61C85341F82DDDB00EB6253 /* MockAppService.swift */,
			);
			path = mocks;
			sourceTree = "<group>";
		};
/* End PBXGroup section */

/* Begin PBXNativeTarget section */
		B61C84F41F82D86100EB6253 /* ServiceCreatableExample */ = {
			isa = PBXNativeTarget;
			buildConfigurationList = B61C851D1F82D86100EB6253 /* Build configuration list for PBXNativeTarget "ServiceCreatableExample" */;
			buildPhases = (
				B61C84F11F82D86100EB6253 /* Sources */,
				B61C84F21F82D86100EB6253 /* Frameworks */,
				B61C84F31F82D86100EB6253 /* Resources */,
			);
			buildRules = (
			);
			dependencies = (
			);
			name = ServiceCreatableExample;
			productName = ServiceCreatableExample;
			productReference = B61C84F51F82D86100EB6253 /* ServiceCreatableExample.app */;
			productType = "com.apple.product-type.application";
		};
		B61C85081F82D86100EB6253 /* ServiceCreatableExampleTests */ = {
			isa = PBXNativeTarget;
			buildConfigurationList = B61C85201F82D86100EB6253 /* Build configuration list for PBXNativeTarget "ServiceCreatableExampleTests" */;
			buildPhases = (
				B61C85051F82D86100EB6253 /* Sources */,
				B61C85061F82D86100EB6253 /* Frameworks */,
				B61C85071F82D86100EB6253 /* Resources */,
			);
			buildRules = (
			);
			dependencies = (
				B61C850B1F82D86100EB6253 /* PBXTargetDependency */,
			);
			name = ServiceCreatableExampleTests;
			productName = ServiceCreatableExampleTests;
			productReference = B61C85091F82D86100EB6253 /* ServiceCreatableExampleTests.xctest */;
			productType = "com.apple.product-type.bundle.unit-test";
		};
		B61C85131F82D86100EB6253 /* ServiceCreatableExampleUITests */ = {
			isa = PBXNativeTarget;
			buildConfigurationList = B61C85231F82D86100EB6253 /* Build configuration list for PBXNativeTarget "ServiceCreatableExampleUITests" */;
			buildPhases = (
				B61C85101F82D86100EB6253 /* Sources */,
				B61C85111F82D86100EB6253 /* Frameworks */,
				B61C85121F82D86100EB6253 /* Resources */,
			);
			buildRules = (
			);
			dependencies = (
				B61C85161F82D86100EB6253 /* PBXTargetDependency */,
			);
			name = ServiceCreatableExampleUITests;
			productName = ServiceCreatableExampleUITests;
			productReference = B61C85141F82D86100EB6253 /* ServiceCreatableExampleUITests.xctest */;
			productType = "com.apple.product-type.bundle.ui-testing";
		};
/* End PBXNativeTarget section */

/* Begin PBXProject section */
		B61C84ED1F82D86100EB6253 /* Project object */ = {
			isa = PBXProject;
			attributes = {
				LastSwiftUpdateCheck = 0900;
				LastUpgradeCheck = 0900;
				ORGANIZATIONNAME = linxmap;
				TargetAttributes = {
					B61C84F41F82D86100EB6253 = {
						CreatedOnToolsVersion = 9.0;
						ProvisioningStyle = Automatic;
					};
					B61C85081F82D86100EB6253 = {
						CreatedOnToolsVersion = 9.0;
						ProvisioningStyle = Automatic;
						TestTargetID = B61C84F41F82D86100EB6253;
					};
					B61C85131F82D86100EB6253 = {
						CreatedOnToolsVersion = 9.0;
						ProvisioningStyle = Automatic;
						TestTargetID = B61C84F41F82D86100EB6253;
					};
				};
			};
			buildConfigurationList = B61C84F01F82D86100EB6253 /* Build configuration list for PBXProject "ServiceCreatableExample" */;
			compatibilityVersion = "Xcode 8.0";
			developmentRegion = en;
			hasScannedForEncodings = 0;
			knownRegions = (
				en,
				Base,
			);
			mainGroup = B61C84EC1F82D86100EB6253;
			productRefGroup = B61C84F61F82D86100EB6253 /* Products */;
			projectDirPath = "";
			projectRoot = "";
			targets = (
				B61C84F41F82D86100EB6253 /* ServiceCreatableExample */,
				B61C85081F82D86100EB6253 /* ServiceCreatableExampleTests */,
				B61C85131F82D86100EB6253 /* ServiceCreatableExampleUITests */,
			);
		};
/* End PBXProject section */

/* Begin PBXResourcesBuildPhase section */
		B61C84F31F82D86100EB6253 /* Resources */ = {
			isa = PBXResourcesBuildPhase;
			buildActionMask = 2147483647;
			files = (
				B61C85031F82D86100EB6253 /* LaunchScreen.storyboard in Resources */,
				B61C85001F82D86100EB6253 /* Assets.xcassets in Resources */,
				B61C84FE1F82D86100EB6253 /* Main.storyboard in Resources */,
			);
			runOnlyForDeploymentPostprocessing = 0;
		};
		B61C85071F82D86100EB6253 /* Resources */ = {
			isa = PBXResourcesBuildPhase;
			buildActionMask = 2147483647;
			files = (
			);
			runOnlyForDeploymentPostprocessing = 0;
		};
		B61C85121F82D86100EB6253 /* Resources */ = {
			isa = PBXResourcesBuildPhase;
			buildActionMask = 2147483647;
			files = (
			);
			runOnlyForDeploymentPostprocessing = 0;
		};
/* End PBXResourcesBuildPhase section */

/* Begin PBXSourcesBuildPhase section */
		B61C84F11F82D86100EB6253 /* Sources */ = {
			isa = PBXSourcesBuildPhase;
			buildActionMask = 2147483647;
			files = (
				B6033BC61F8556A000CB765D /* CourierDao.swift in Sources */,
				B6701D5B1F855B0F00F218FB /* Service.swift in Sources */,
				B61C853B1F82E74000EB6253 /* NetworkStatusService.swift in Sources */,
				B61C84FB1F82D86100EB6253 /* ViewController.swift in Sources */,
				B61C853F1F82EA1000EB6253 /* ComponentCreatable.swift in Sources */,
				B6033BC91F85573500CB765D /* UtilityCreatable.swift in Sources */,
				B61C853D1F82E7AD00EB6253 /* ServiceCreatable.swift in Sources */,
				B61C852F1F82D9D100EB6253 /* ComponentCreator.swift in Sources */,
				B61C85271F82D87500EB6253 /* AppService.swift in Sources */,
				B6033BC21F85566C00CB765D /* DaoCreatable.swift in Sources */,
				B61C84F91F82D86100EB6253 /* AppDelegate.swift in Sources */,
				B6033BC41F85569100CB765D /* CourierLocationDao.swift in Sources */,
				B61C85291F82D88000EB6253 /* GpsService.swift in Sources */,
				B61C852B1F82D88E00EB6253 /* CourierLocationService.swift in Sources */,
			);
			runOnlyForDeploymentPostprocessing = 0;
		};
		B61C85051F82D86100EB6253 /* Sources */ = {
			isa = PBXSourcesBuildPhase;
			buildActionMask = 2147483647;
			files = (
				B61C85331F82DC3500EB6253 /* MockCourierService.swift in Sources */,
				B61C85311F82DA3300EB6253 /* MockComponentCreator.swift in Sources */,
				B61C850E1F82D86100EB6253 /* ServiceCreatableExampleTests.swift in Sources */,
				B61C85351F82DDDB00EB6253 /* MockAppService.swift in Sources */,
			);
			runOnlyForDeploymentPostprocessing = 0;
		};
		B61C85101F82D86100EB6253 /* Sources */ = {
			isa = PBXSourcesBuildPhase;
			buildActionMask = 2147483647;
			files = (
				B61C85191F82D86100EB6253 /* ServiceCreatableExampleUITests.swift in Sources */,
			);
			runOnlyForDeploymentPostprocessing = 0;
		};
/* End PBXSourcesBuildPhase section */

/* Begin PBXTargetDependency section */
		B61C850B1F82D86100EB6253 /* PBXTargetDependency */ = {
			isa = PBXTargetDependency;
			target = B61C84F41F82D86100EB6253 /* ServiceCreatableExample */;
			targetProxy = B61C850A1F82D86100EB6253 /* PBXContainerItemProxy */;
		};
		B61C85161F82D86100EB6253 /* PBXTargetDependency */ = {
			isa = PBXTargetDependency;
			target = B61C84F41F82D86100EB6253 /* ServiceCreatableExample */;
			targetProxy = B61C85151F82D86100EB6253 /* PBXContainerItemProxy */;
		};
/* End PBXTargetDependency section */

/* Begin PBXVariantGroup section */
		B61C84FC1F82D86100EB6253 /* Main.storyboard */ = {
			isa = PBXVariantGroup;
			children = (
				B61C84FD1F82D86100EB6253 /* Base */,
			);
			name = Main.storyboard;
			sourceTree = "<group>";
		};
		B61C85011F82D86100EB6253 /* LaunchScreen.storyboard */ = {
			isa = PBXVariantGroup;
			children = (
				B61C85021F82D86100EB6253 /* Base */,
			);
			name = LaunchScreen.storyboard;
			sourceTree = "<group>";
		};
/* End PBXVariantGroup section */

/* Begin XCBuildConfiguration section */
		B61C851B1F82D86100EB6253 /* Debug */ = {
			isa = XCBuildConfiguration;
			buildSettings = {
				ALWAYS_SEARCH_USER_PATHS = NO;
				CLANG_ANALYZER_NONNULL = YES;
				CLANG_ANALYZER_NUMBER_OBJECT_CONVERSION = YES_AGGRESSIVE;
				CLANG_CXX_LANGUAGE_STANDARD = "gnu++14";
				CLANG_CXX_LIBRARY = "libc++";
				CLANG_ENABLE_MODULES = YES;
				CLANG_ENABLE_OBJC_ARC = YES;
				CLANG_WARN_BLOCK_CAPTURE_AUTORELEASING = YES;
				CLANG_WARN_BOOL_CONVERSION = YES;
				CLANG_WARN_COMMA = YES;
				CLANG_WARN_CONSTANT_CONVERSION = YES;
				CLANG_WARN_DIRECT_OBJC_ISA_USAGE = YES_ERROR;
				CLANG_WARN_DOCUMENTATION_COMMENTS = YES;
				CLANG_WARN_EMPTY_BODY = YES;
				CLANG_WARN_ENUM_CONVERSION = YES;
				CLANG_WARN_INFINITE_RECURSION = YES;
				CLANG_WARN_INT_CONVERSION = YES;
				CLANG_WARN_NON_LITERAL_NULL_CONVERSION = YES;
				CLANG_WARN_OBJC_LITERAL_CONVERSION = YES;
				CLANG_WARN_OBJC_ROOT_CLASS = YES_ERROR;
				CLANG_WARN_RANGE_LOOP_ANALYSIS = YES;
				CLANG_WARN_STRICT_PROTOTYPES = YES;
				CLANG_WARN_SUSPICIOUS_MOVE = YES;
				CLANG_WARN_UNGUARDED_AVAILABILITY = YES_AGGRESSIVE;
				CLANG_WARN_UNREACHABLE_CODE = YES;
				CLANG_WARN__DUPLICATE_METHOD_MATCH = YES;
				CODE_SIGN_IDENTITY = "iPhone Developer";
				COPY_PHASE_STRIP = NO;
				DEBUG_INFORMATION_FORMAT = dwarf;
				ENABLE_STRICT_OBJC_MSGSEND = YES;
				ENABLE_TESTABILITY = YES;
				GCC_C_LANGUAGE_STANDARD = gnu11;
				GCC_DYNAMIC_NO_PIC = NO;
				GCC_NO_COMMON_BLOCKS = YES;
				GCC_OPTIMIZATION_LEVEL = 0;
				GCC_PREPROCESSOR_DEFINITIONS = (
					"DEBUG=1",
					"$(inherited)",
				);
				GCC_WARN_64_TO_32_BIT_CONVERSION = YES;
				GCC_WARN_ABOUT_RETURN_TYPE = YES_ERROR;
				GCC_WARN_UNDECLARED_SELECTOR = YES;
				GCC_WARN_UNINITIALIZED_AUTOS = YES_AGGRESSIVE;
				GCC_WARN_UNUSED_FUNCTION = YES;
				GCC_WARN_UNUSED_VARIABLE = YES;
				IPHONEOS_DEPLOYMENT_TARGET = 11.0;
				MTL_ENABLE_DEBUG_INFO = YES;
				ONLY_ACTIVE_ARCH = YES;
				SDKROOT = iphoneos;
				SWIFT_ACTIVE_COMPILATION_CONDITIONS = DEBUG;
				SWIFT_OPTIMIZATION_LEVEL = "-Onone";
			};
			name = Debug;
		};
		B61C851C1F82D86100EB6253 /* Release */ = {
			isa = XCBuildConfiguration;
			buildSettings = {
				ALWAYS_SEARCH_USER_PATHS = NO;
				CLANG_ANALYZER_NONNULL = YES;
				CLANG_ANALYZER_NUMBER_OBJECT_CONVERSION = YES_AGGRESSIVE;
				CLANG_CXX_LANGUAGE_STANDARD = "gnu++14";
				CLANG_CXX_LIBRARY = "libc++";
				CLANG_ENABLE_MODULES = YES;
				CLANG_ENABLE_OBJC_ARC = YES;
				CLANG_WARN_BLOCK_CAPTURE_AUTORELEASING = YES;
				CLANG_WARN_BOOL_CONVERSION = YES;
				CLANG_WARN_COMMA = YES;
				CLANG_WARN_CONSTANT_CONVERSION = YES;
				CLANG_WARN_DIRECT_OBJC_ISA_USAGE = YES_ERROR;
				CLANG_WARN_DOCUMENTATION_COMMENTS = YES;
				CLANG_WARN_EMPTY_BODY = YES;
				CLANG_WARN_ENUM_CONVERSION = YES;
				CLANG_WARN_INFINITE_RECURSION = YES;
				CLANG_WARN_INT_CONVERSION = YES;
				CLANG_WARN_NON_LITERAL_NULL_CONVERSION = YES;
				CLANG_WARN_OBJC_LITERAL_CONVERSION = YES;
				CLANG_WARN_OBJC_ROOT_CLASS = YES_ERROR;
				CLANG_WARN_RANGE_LOOP_ANALYSIS = YES;
				CLANG_WARN_STRICT_PROTOTYPES = YES;
				CLANG_WARN_SUSPICIOUS_MOVE = YES;
				CLANG_WARN_UNGUARDED_AVAILABILITY = YES_AGGRESSIVE;
				CLANG_WARN_UNREACHABLE_CODE = YES;
				CLANG_WARN__DUPLICATE_METHOD_MATCH = YES;
				CODE_SIGN_IDENTITY = "iPhone Developer";
				COPY_PHASE_STRIP = NO;
				DEBUG_INFORMATION_FORMAT = "dwarf-with-dsym";
				ENABLE_NS_ASSERTIONS = NO;
				ENABLE_STRICT_OBJC_MSGSEND = YES;
				GCC_C_LANGUAGE_STANDARD = gnu11;
				GCC_NO_COMMON_BLOCKS = YES;
				GCC_WARN_64_TO_32_BIT_CONVERSION = YES;
				GCC_WARN_ABOUT_RETURN_TYPE = YES_ERROR;
				GCC_WARN_UNDECLARED_SELECTOR = YES;
				GCC_WARN_UNINITIALIZED_AUTOS = YES_AGGRESSIVE;
				GCC_WARN_UNUSED_FUNCTION = YES;
				GCC_WARN_UNUSED_VARIABLE = YES;
				IPHONEOS_DEPLOYMENT_TARGET = 11.0;
				MTL_ENABLE_DEBUG_INFO = NO;
				SDKROOT = iphoneos;
				SWIFT_OPTIMIZATION_LEVEL = "-Owholemodule";
				VALIDATE_PRODUCT = YES;
			};
			name = Release;
		};
		B61C851E1F82D86100EB6253 /* Debug */ = {
			isa = XCBuildConfiguration;
			buildSettings = {
				ASSETCATALOG_COMPILER_APPICON_NAME = AppIcon;
				CODE_SIGN_STYLE = Automatic;
				DEVELOPMENT_TEAM = BDD95TS3QC;
				INFOPLIST_FILE = ServiceCreatableExample/Info.plist;
				LD_RUNPATH_SEARCH_PATHS = "$(inherited) @executable_path/Frameworks";
				PRODUCT_BUNDLE_IDENTIFIER = com.linxmap.ios.ServiceCreatableExample;
				PRODUCT_NAME = "$(TARGET_NAME)";
				SWIFT_VERSION = 4.0;
				TARGETED_DEVICE_FAMILY = "1,2";
			};
			name = Debug;
		};
		B61C851F1F82D86100EB6253 /* Release */ = {
			isa = XCBuildConfiguration;
			buildSettings = {
				ASSETCATALOG_COMPILER_APPICON_NAME = AppIcon;
				CODE_SIGN_STYLE = Automatic;
				DEVELOPMENT_TEAM = BDD95TS3QC;
				INFOPLIST_FILE = ServiceCreatableExample/Info.plist;
				LD_RUNPATH_SEARCH_PATHS = "$(inherited) @executable_path/Frameworks";
				PRODUCT_BUNDLE_IDENTIFIER = com.linxmap.ios.ServiceCreatableExample;
				PRODUCT_NAME = "$(TARGET_NAME)";
				SWIFT_VERSION = 4.0;
				TARGETED_DEVICE_FAMILY = "1,2";
			};
			name = Release;
		};
		B61C85211F82D86100EB6253 /* Debug */ = {
			isa = XCBuildConfiguration;
			buildSettings = {
				ALWAYS_EMBED_SWIFT_STANDARD_LIBRARIES = YES;
				BUNDLE_LOADER = "$(TEST_HOST)";
				CODE_SIGN_STYLE = Automatic;
				DEVELOPMENT_TEAM = BDD95TS3QC;
				INFOPLIST_FILE = ServiceCreatableExampleTests/Info.plist;
				LD_RUNPATH_SEARCH_PATHS = "$(inherited) @executable_path/Frameworks @loader_path/Frameworks";
				PRODUCT_BUNDLE_IDENTIFIER = com.linxmap.ios.ServiceCreatableExampleTests;
				PRODUCT_NAME = "$(TARGET_NAME)";
				SWIFT_VERSION = 4.0;
				TARGETED_DEVICE_FAMILY = "1,2";
				TEST_HOST = "$(BUILT_PRODUCTS_DIR)/ServiceCreatableExample.app/ServiceCreatableExample";
			};
			name = Debug;
		};
		B61C85221F82D86100EB6253 /* Release */ = {
			isa = XCBuildConfiguration;
			buildSettings = {
				ALWAYS_EMBED_SWIFT_STANDARD_LIBRARIES = YES;
				BUNDLE_LOADER = "$(TEST_HOST)";
				CODE_SIGN_STYLE = Automatic;
				DEVELOPMENT_TEAM = BDD95TS3QC;
				INFOPLIST_FILE = ServiceCreatableExampleTests/Info.plist;
				LD_RUNPATH_SEARCH_PATHS = "$(inherited) @executable_path/Frameworks @loader_path/Frameworks";
				PRODUCT_BUNDLE_IDENTIFIER = com.linxmap.ios.ServiceCreatableExampleTests;
				PRODUCT_NAME = "$(TARGET_NAME)";
				SWIFT_VERSION = 4.0;
				TARGETED_DEVICE_FAMILY = "1,2";
				TEST_HOST = "$(BUILT_PRODUCTS_DIR)/ServiceCreatableExample.app/ServiceCreatableExample";
			};
			name = Release;
		};
		B61C85241F82D86100EB6253 /* Debug */ = {
			isa = XCBuildConfiguration;
			buildSettings = {
				ALWAYS_EMBED_SWIFT_STANDARD_LIBRARIES = YES;
				CODE_SIGN_STYLE = Automatic;
				DEVELOPMENT_TEAM = BDD95TS3QC;
				INFOPLIST_FILE = ServiceCreatableExampleUITests/Info.plist;
				LD_RUNPATH_SEARCH_PATHS = "$(inherited) @executable_path/Frameworks @loader_path/Frameworks";
				PRODUCT_BUNDLE_IDENTIFIER = com.linxmap.ios.ServiceCreatableExampleUITests;
				PRODUCT_NAME = "$(TARGET_NAME)";
				SWIFT_VERSION = 4.0;
				TARGETED_DEVICE_FAMILY = "1,2";
				TEST_TARGET_NAME = ServiceCreatableExample;
			};
			name = Debug;
		};
		B61C85251F82D86100EB6253 /* Release */ = {
			isa = XCBuildConfiguration;
			buildSettings = {
				ALWAYS_EMBED_SWIFT_STANDARD_LIBRARIES = YES;
				CODE_SIGN_STYLE = Automatic;
				DEVELOPMENT_TEAM = BDD95TS3QC;
				INFOPLIST_FILE = ServiceCreatableExampleUITests/Info.plist;
				LD_RUNPATH_SEARCH_PATHS = "$(inherited) @executable_path/Frameworks @loader_path/Frameworks";
				PRODUCT_BUNDLE_IDENTIFIER = com.linxmap.ios.ServiceCreatableExampleUITests;
				PRODUCT_NAME = "$(TARGET_NAME)";
				SWIFT_VERSION = 4.0;
				TARGETED_DEVICE_FAMILY = "1,2";
				TEST_TARGET_NAME = ServiceCreatableExample;
			};
			name = Release;
		};
/* End XCBuildConfiguration section */

/* Begin XCConfigurationList section */
		B61C84F01F82D86100EB6253 /* Build configuration list for PBXProject "ServiceCreatableExample" */ = {
			isa = XCConfigurationList;
			buildConfigurations = (
				B61C851B1F82D86100EB6253 /* Debug */,
				B61C851C1F82D86100EB6253 /* Release */,
			);
			defaultConfigurationIsVisible = 0;
			defaultConfigurationName = Release;
		};
		B61C851D1F82D86100EB6253 /* Build configuration list for PBXNativeTarget "ServiceCreatableExample" */ = {
			isa = XCConfigurationList;
			buildConfigurations = (
				B61C851E1F82D86100EB6253 /* Debug */,
				B61C851F1F82D86100EB6253 /* Release */,
			);
			defaultConfigurationIsVisible = 0;
			defaultConfigurationName = Release;
		};
		B61C85201F82D86100EB6253 /* Build configuration list for PBXNativeTarget "ServiceCreatableExampleTests" */ = {
			isa = XCConfigurationList;
			buildConfigurations = (
				B61C85211F82D86100EB6253 /* Debug */,
				B61C85221F82D86100EB6253 /* Release */,
			);
			defaultConfigurationIsVisible = 0;
			defaultConfigurationName = Release;
		};
		B61C85231F82D86100EB6253 /* Build configuration list for PBXNativeTarget "ServiceCreatableExampleUITests" */ = {
			isa = XCConfigurationList;
			buildConfigurations = (
				B61C85241F82D86100EB6253 /* Debug */,
				B61C85251F82D86100EB6253 /* Release */,
			);
			defaultConfigurationIsVisible = 0;
			defaultConfigurationName = Release;
		};
/* End XCConfigurationList section */
	};
	rootObject = B61C84ED1F82D86100EB6253 /* Project object */;
}
